
Microsoft Visual Studio Solution File, Format Version 12.00
# Visual Studio 15
VisualStudioVersion = 15.0.26730.16
MinimumVisualStudioVersion = 10.0.40219.1
Project("{FAE04EC0-301F-11D3-BF4B-00C04F79EFBC}") = "ServerForUnity", "ServerForUnity\ServerForUnity.csproj", "{1DE1B29B-03A9-4EF5-88F7-29BEDCE0D51F}"
EndProject
Global
	GlobalSection(SolutionConfigurationPlatforms) = preSolution
		Debug|Any CPU = Debug|Any CPU
		Release|Any CPU = Release|Any CPU
	EndGlobalSection
	GlobalSection(ProjectConfigurationPlatforms) = postSolution
		{1DE1B29B-03A9-4EF5-88F7-29BEDCE0D51F}.Debug|Any CPU.ActiveCfg = Debug|Any CPU
		{1DE1B29B-03A9-4EF5-88F7-29BEDCE0D51F}.Debug|Any CPU.Build.0 = Debug|Any CPU
		{1DE1B29B-03A9-4EF5-88F7-29BEDCE0D51F}.Release|Any CPU.ActiveCfg = Release|Any CPU
		{1DE1B29B-03A9-4EF5-88F7-29BEDCE0D51F}.Release|Any CPU.Build.0 = Release|Any CPU
	EndGlobalSection
	GlobalSection(SolutionProperties) = preSolution
		HideSolutionNode = FALSE
	EndGlobalSection
	GlobalSection(ExtensibilityGlobals) = postSolution
		SolutionGuid = {AEA8AD23-4AC2-40DC-9E1A-AE4B89E43200}
	EndGlobalSection
EndGlobal
