
Microsoft Visual Studio Solution File, Format Version 12.00
# Visual Studio 15
VisualStudioVersion = 15.0.27004.2009
MinimumVisualStudioVersion = 10.0.40219.1
Project("{9A19103F-16F7-4668-BE54-9A1E7A4F7556}") = "WorkingWithVisualStudio", "WorkingWithVisualStudio\WorkingWithVisualStudio.csproj", "{47404184-4AA1-4645-ADC3-22B74483E9F5}"
EndProject
Project("{FAE04EC0-301F-11D3-BF4B-00C04F79EFBC}") = "WorkingWithVisualStudio.Tests", "WorkingWithVisualStudio.Tests\WorkingWithVisualStudio.Tests.csproj", "{B7ACE7E6-17B7-4FF2-8D73-F4FC9A207B02}"
EndProject
Global
	GlobalSection(SolutionConfigurationPlatforms) = preSolution
		Debug|Any CPU = Debug|Any CPU
		Release|Any CPU = Release|Any CPU
	EndGlobalSection
	GlobalSection(ProjectConfigurationPlatforms) = postSolution
		{47404184-4AA1-4645-ADC3-22B74483E9F5}.Debug|Any CPU.ActiveCfg = Debug|Any CPU
		{47404184-4AA1-4645-ADC3-22B74483E9F5}.Debug|Any CPU.Build.0 = Debug|Any CPU
		{47404184-4AA1-4645-ADC3-22B74483E9F5}.Release|Any CPU.ActiveCfg = Release|Any CPU
		{47404184-4AA1-4645-ADC3-22B74483E9F5}.Release|Any CPU.Build.0 = Release|Any CPU
		{B7ACE7E6-17B7-4FF2-8D73-F4FC9A207B02}.Debug|Any CPU.ActiveCfg = Debug|Any CPU
		{B7ACE7E6-17B7-4FF2-8D73-F4FC9A207B02}.Debug|Any CPU.Build.0 = Debug|Any CPU
		{B7ACE7E6-17B7-4FF2-8D73-F4FC9A207B02}.Release|Any CPU.ActiveCfg = Release|Any CPU
		{B7ACE7E6-17B7-4FF2-8D73-F4FC9A207B02}.Release|Any CPU.Build.0 = Release|Any CPU
	EndGlobalSection
	GlobalSection(SolutionProperties) = preSolution
		HideSolutionNode = FALSE
	EndGlobalSection
	GlobalSection(ExtensibilityGlobals) = postSolution
		SolutionGuid = {3695045D-D89F-432A-ADB9-20A5CF30503B}
	EndGlobalSection
EndGlobal
